
Microsoft Visual Studio Solution File, Format Version 12.00
Project("{FAE04EC0-301F-11D3-BF4B-00C04F79EFBC}") = "ICE", "ICE.csproj", "{281C0448-21D2-4113-B16F-546FFB123D8E}"
EndProject
Global
	GlobalSection(SolutionConfigurationPlatforms) = preSolution
		Debug|Any CPU = Debug|Any CPU
		Release|Any CPU = Release|Any CPU
	EndGlobalSection
	GlobalSection(ProjectConfigurationPlatforms) = postSolution
		{281C0448-21D2-4113-B16F-546FFB123D8E}.Debug|Any CPU.ActiveCfg = Debug|Any CPU
		{281C0448-21D2-4113-B16F-546FFB123D8E}.Debug|Any CPU.Build.0 = Debug|Any CPU
		{281C0448-21D2-4113-B16F-546FFB123D8E}.Release|Any CPU.ActiveCfg = Release|Any CPU
		{281C0448-21D2-4113-B16F-546FFB123D8E}.Release|Any CPU.Build.0 = Release|Any CPU
	EndGlobalSection
EndGlobal
